
Microsoft Visual Studio Solution File, Format Version 12.00
# Visual Studio Version 17
VisualStudioVersion = 17.6.33829.357
MinimumVisualStudioVersion = 10.0.40219.1
Project("{FAE04EC0-301F-11D3-BF4B-00C04F79EFBC}") = "DataStorage", "DataStorage\DataStorage.csproj", "{1859762B-F087-42F3-910E-DD9E81525208}"
EndProject
Project("{2150E333-8FDC-42A3-9474-1A3956D46DE8}") = "Approbations", "Approbations", "{2EBF6E05-E9E6-41F2-9577-56527BC5CB30}"
EndProject
Global
	GlobalSection(SolutionConfigurationPlatforms) = preSolution
		Debug|Any CPU = Debug|Any CPU
		Release|Any CPU = Release|Any CPU
	EndGlobalSection
	GlobalSection(ProjectConfigurationPlatforms) = postSolution
		{1859762B-F087-42F3-910E-DD9E81525208}.Debug|Any CPU.ActiveCfg = Debug|Any CPU
		{1859762B-F087-42F3-910E-DD9E81525208}.Debug|Any CPU.Build.0 = Debug|Any CPU
		{1859762B-F087-42F3-910E-DD9E81525208}.Release|Any CPU.ActiveCfg = Release|Any CPU
		{1859762B-F087-42F3-910E-DD9E81525208}.Release|Any CPU.Build.0 = Release|Any CPU
	EndGlobalSection
	GlobalSection(SolutionProperties) = preSolution
		HideSolutionNode = FALSE
	EndGlobalSection
	GlobalSection(ExtensibilityGlobals) = postSolution
		SolutionGuid = {A1E8FFA2-00B6-4A14-B672-719B79922EF7}
	EndGlobalSection
EndGlobal
